
Microsoft Visual Studio Solution File, Format Version 12.00
# Visual Studio Version 17
VisualStudioVersion = 17.8.34330.188
MinimumVisualStudioVersion = 10.0.40219.1
Project("{FAE04EC0-301F-11D3-BF4B-00C04F79EFBC}") = "RentACarTobeto", "RentACarTobeto.csproj", "{0876B667-C5AB-4080-A94D-1A6620A709B0}"
EndProject
Global
	GlobalSection(SolutionConfigurationPlatforms) = preSolution
		Debug|Any CPU = Debug|Any CPU
		Release|Any CPU = Release|Any CPU
	EndGlobalSection
	GlobalSection(ProjectConfigurationPlatforms) = postSolution
		{0876B667-C5AB-4080-A94D-1A6620A709B0}.Debug|Any CPU.ActiveCfg = Debug|Any CPU
		{0876B667-C5AB-4080-A94D-1A6620A709B0}.Debug|Any CPU.Build.0 = Debug|Any CPU
		{0876B667-C5AB-4080-A94D-1A6620A709B0}.Release|Any CPU.ActiveCfg = Release|Any CPU
		{0876B667-C5AB-4080-A94D-1A6620A709B0}.Release|Any CPU.Build.0 = Release|Any CPU
	EndGlobalSection
	GlobalSection(SolutionProperties) = preSolution
		HideSolutionNode = FALSE
	EndGlobalSection
	GlobalSection(ExtensibilityGlobals) = postSolution
		SolutionGuid = {D0528F0E-35C1-4D84-8B7F-3A34F31EB55A}
	EndGlobalSection
EndGlobal
