
Microsoft Visual Studio Solution File, Format Version 12.00
# Visual Studio Version 17
VisualStudioVersion = 17.8.34330.188
MinimumVisualStudioVersion = 10.0.40219.1
Project("{9A19103F-16F7-4668-BE54-9A1E7A4F7556}") = "örnek çalışma 1", "örnek çalışma 1\örnek çalışma 1.csproj", "{793C4380-5967-42AF-8263-67215DB6EF22}"
EndProject
Project("{FAE04EC0-301F-11D3-BF4B-00C04F79EFBC}") = "örnek çalışma 2", "örnek çalışma 2\örnek çalışma 2.csproj", "{DAB7DFD1-4280-4C93-B22B-F3BB7E1E6B8C}"
EndProject
Global
	GlobalSection(SolutionConfigurationPlatforms) = preSolution
		Debug|Any CPU = Debug|Any CPU
		Release|Any CPU = Release|Any CPU
	EndGlobalSection
	GlobalSection(ProjectConfigurationPlatforms) = postSolution
		{793C4380-5967-42AF-8263-67215DB6EF22}.Debug|Any CPU.ActiveCfg = Debug|Any CPU
		{793C4380-5967-42AF-8263-67215DB6EF22}.Debug|Any CPU.Build.0 = Debug|Any CPU
		{793C4380-5967-42AF-8263-67215DB6EF22}.Release|Any CPU.ActiveCfg = Release|Any CPU
		{793C4380-5967-42AF-8263-67215DB6EF22}.Release|Any CPU.Build.0 = Release|Any CPU
		{DAB7DFD1-4280-4C93-B22B-F3BB7E1E6B8C}.Debug|Any CPU.ActiveCfg = Debug|Any CPU
		{DAB7DFD1-4280-4C93-B22B-F3BB7E1E6B8C}.Debug|Any CPU.Build.0 = Debug|Any CPU
		{DAB7DFD1-4280-4C93-B22B-F3BB7E1E6B8C}.Release|Any CPU.ActiveCfg = Release|Any CPU
		{DAB7DFD1-4280-4C93-B22B-F3BB7E1E6B8C}.Release|Any CPU.Build.0 = Release|Any CPU
	EndGlobalSection
	GlobalSection(SolutionProperties) = preSolution
		HideSolutionNode = FALSE
	EndGlobalSection
	GlobalSection(ExtensibilityGlobals) = postSolution
		SolutionGuid = {B5C2A6B3-7F8D-4C5D-BD0B-6317489CBFC2}
	EndGlobalSection
EndGlobal
