
Microsoft Visual Studio Solution File, Format Version 12.00
# Visual Studio Version 17
VisualStudioVersion = 17.8.34330.188
MinimumVisualStudioVersion = 10.0.40219.1
Project("{FAE04EC0-301F-11D3-BF4B-00C04F79EFBC}") = "örnek.cs", "örnek.cs\örnek.cs.csproj", "{90271789-A68B-49AE-9A1B-76EA42BBD58A}"
EndProject
Global
	GlobalSection(SolutionConfigurationPlatforms) = preSolution
		Debug|Any CPU = Debug|Any CPU
		Release|Any CPU = Release|Any CPU
	EndGlobalSection
	GlobalSection(ProjectConfigurationPlatforms) = postSolution
		{90271789-A68B-49AE-9A1B-76EA42BBD58A}.Debug|Any CPU.ActiveCfg = Debug|Any CPU
		{90271789-A68B-49AE-9A1B-76EA42BBD58A}.Debug|Any CPU.Build.0 = Debug|Any CPU
		{90271789-A68B-49AE-9A1B-76EA42BBD58A}.Release|Any CPU.ActiveCfg = Release|Any CPU
		{90271789-A68B-49AE-9A1B-76EA42BBD58A}.Release|Any CPU.Build.0 = Release|Any CPU
	EndGlobalSection
	GlobalSection(SolutionProperties) = preSolution
		HideSolutionNode = FALSE
	EndGlobalSection
	GlobalSection(ExtensibilityGlobals) = postSolution
		SolutionGuid = {26B1828E-191B-4288-A139-C2F5EAF703E5}
	EndGlobalSection
EndGlobal
